{
  "requires": true,
  "lockfileVersion": 1,
  "dependencies": {
    "@jest/schemas": {
      "version": "29.0.0",
      "resolved": "https://registry.npmjs.org/@jest/schemas/-/schemas-29.0.0.tgz",
      "integrity": "sha512-3Ab5HgYIIAnS0HjqJHQYZS+zXc4tUmTmBH3z83ajI6afXp8X3ZtdLX+nXx+I7LNkJD7uN9LAVhgnjDgZa2z0kA==",
      "requires": {
        "@sinclair/typebox": "^0.24.1"
      }
    },
    "@sinclair/typebox": {
      "version": "0.24.44",
      "resolved": "https://registry.npmjs.org/@sinclair/typebox/-/typebox-0.24.44.tgz",
      "integrity": "sha512-ka0W0KN5i6LfrSocduwliMMpqVgohtPFidKdMEOUjoOFCHcOOYkKsPRxfs5f15oPNHTm6ERAm0GV/+/LTKeiWg=="
    },
    "@testing-library/react-native": {
      "version": "11.2.0",
      "resolved": "https://registry.npmjs.org/@testing-library/react-native/-/react-native-11.2.0.tgz",
      "integrity": "sha512-j3t78/htRkjPJjLlEjh9VxIAvcCJ85CG2L8mKH1mz9F3gyH65MH/JScOY2RHGOkTHGAGh5c+53Dw4u7J1WEJSA==",
      "requires": {
        "pretty-format": "^29.0.3"
      }
    },
    "ansi-styles": {
      "version": "5.2.0",
      "resolved": "https://registry.npmjs.org/ansi-styles/-/ansi-styles-5.2.0.tgz",
      "integrity": "sha512-Cxwpt2SfTzTtXcfOlzGEee8O+c+MmUgGrNiBcXnuWxuFJHe6a5Hz7qwhwe5OgaSYI0IJvkLqWX1ASG+cJOkEiA=="
    },
    "pretty-format": {
      "version": "29.1.2",
      "resolved": "https://registry.npmjs.org/pretty-format/-/pretty-format-29.1.2.tgz",
      "integrity": "sha512-CGJ6VVGXVRP2o2Dorl4mAwwvDWT25luIsYhkyVQW32E4nL+TgW939J7LlKT/npq5Cpq6j3s+sy+13yk7xYpBmg==",
      "requires": {
        "@jest/schemas": "^29.0.0",
        "ansi-styles": "^5.0.0",
        "react-is": "^18.0.0"
      }
    },
    "react-is": {
      "version": "18.2.0",
      "resolved": "https://registry.npmjs.org/react-is/-/react-is-18.2.0.tgz",
      "integrity": "sha512-xWGDIW6x921xtzPkhiULtthJHoJvBbF3q26fzloPCK0hsvxtPVelvftw3zjbHWSkR2km9Z+4uxbDDK/6Zw9B8w=="
    }
  }
}
